
Microsoft Visual Studio Solution File, Format Version 12.00
# Visual Studio Version 17
VisualStudioVersion = 17.10.35027.167
MinimumVisualStudioVersion = 10.0.40219.1
Project("{9A19103F-16F7-4668-BE54-9A1E7A4F7556}") = "AdventOfCode.Shared", "AdventOfCode.Shared\AdventOfCode.Shared.csproj", "{F297464F-822D-4D69-83D4-5EE51008427D}"
EndProject
Project("{9A19103F-16F7-4668-BE54-9A1E7A4F7556}") = "AdventOfCode.Year2023", "AdventOfCode.Year2023\AdventOfCode.Year2023.csproj", "{F751C803-4B1F-46F1-A246-7AE0B81892CF}"
EndProject
Project("{9A19103F-16F7-4668-BE54-9A1E7A4F7556}") = "AdventOfCode.Year2024", "AdventOfCode.Year2024\AdventOfCode.Year2024.csproj", "{2A03764D-425F-4A67-A9FC-14E7697FB47B}"
EndProject
Project("{2150E333-8FDC-42A3-9474-1A3956D46DE8}") = "Solution Items", "Solution Items", "{0A4A9B3F-994B-4DD2-8D9F-A41342545284}"
	ProjectSection(SolutionItems) = preProject
		README.md = README.md
	EndProjectSection
EndProject
Project("{FAE04EC0-301F-11D3-BF4B-00C04F79EFBC}") = "AdventOfCode.Year2022", "AdventOfCode.Year2022\AdventOfCode.Year2022.csproj", "{6CBF7782-0CF4-4EC5-8619-A0A697B9DC1C}"
EndProject
Project("{FAE04EC0-301F-11D3-BF4B-00C04F79EFBC}") = "AdventOfCode.Year2015", "AdventOfCode.Year2015\AdventOfCode.Year2015.csproj", "{A28FF83B-AFF5-415D-A695-7E5537F08F66}"
EndProject
Project("{FAE04EC0-301F-11D3-BF4B-00C04F79EFBC}") = "AdventOfCode.Year2025", "AdventOfCode.Year2025\AdventOfCode.Year2025.csproj", "{674FF39F-CF71-4DC6-835D-0802E38FDCE8}"
EndProject
Global
	GlobalSection(SolutionConfigurationPlatforms) = preSolution
		Debug|Any CPU = Debug|Any CPU
		Release|Any CPU = Release|Any CPU
	EndGlobalSection
	GlobalSection(ProjectConfigurationPlatforms) = postSolution
		{F297464F-822D-4D69-83D4-5EE51008427D}.Debug|Any CPU.ActiveCfg = Debug|Any CPU
		{F297464F-822D-4D69-83D4-5EE51008427D}.Debug|Any CPU.Build.0 = Debug|Any CPU
		{F297464F-822D-4D69-83D4-5EE51008427D}.Release|Any CPU.ActiveCfg = Release|Any CPU
		{F297464F-822D-4D69-83D4-5EE51008427D}.Release|Any CPU.Build.0 = Release|Any CPU
		{F751C803-4B1F-46F1-A246-7AE0B81892CF}.Debug|Any CPU.ActiveCfg = Debug|Any CPU
		{F751C803-4B1F-46F1-A246-7AE0B81892CF}.Debug|Any CPU.Build.0 = Debug|Any CPU
		{F751C803-4B1F-46F1-A246-7AE0B81892CF}.Release|Any CPU.ActiveCfg = Release|Any CPU
		{F751C803-4B1F-46F1-A246-7AE0B81892CF}.Release|Any CPU.Build.0 = Release|Any CPU
		{2A03764D-425F-4A67-A9FC-14E7697FB47B}.Debug|Any CPU.ActiveCfg = Debug|Any CPU
		{2A03764D-425F-4A67-A9FC-14E7697FB47B}.Debug|Any CPU.Build.0 = Debug|Any CPU
		{2A03764D-425F-4A67-A9FC-14E7697FB47B}.Release|Any CPU.ActiveCfg = Release|Any CPU
		{2A03764D-425F-4A67-A9FC-14E7697FB47B}.Release|Any CPU.Build.0 = Release|Any CPU
		{6CBF7782-0CF4-4EC5-8619-A0A697B9DC1C}.Debug|Any CPU.ActiveCfg = Debug|Any CPU
		{6CBF7782-0CF4-4EC5-8619-A0A697B9DC1C}.Debug|Any CPU.Build.0 = Debug|Any CPU
		{6CBF7782-0CF4-4EC5-8619-A0A697B9DC1C}.Release|Any CPU.ActiveCfg = Release|Any CPU
		{6CBF7782-0CF4-4EC5-8619-A0A697B9DC1C}.Release|Any CPU.Build.0 = Release|Any CPU
		{A28FF83B-AFF5-415D-A695-7E5537F08F66}.Debug|Any CPU.ActiveCfg = Debug|Any CPU
		{A28FF83B-AFF5-415D-A695-7E5537F08F66}.Debug|Any CPU.Build.0 = Debug|Any CPU
		{A28FF83B-AFF5-415D-A695-7E5537F08F66}.Release|Any CPU.ActiveCfg = Release|Any CPU
		{A28FF83B-AFF5-415D-A695-7E5537F08F66}.Release|Any CPU.Build.0 = Release|Any CPU
		{674FF39F-CF71-4DC6-835D-0802E38FDCE8}.Debug|Any CPU.ActiveCfg = Debug|Any CPU
		{674FF39F-CF71-4DC6-835D-0802E38FDCE8}.Debug|Any CPU.Build.0 = Debug|Any CPU
		{674FF39F-CF71-4DC6-835D-0802E38FDCE8}.Release|Any CPU.ActiveCfg = Release|Any CPU
		{674FF39F-CF71-4DC6-835D-0802E38FDCE8}.Release|Any CPU.Build.0 = Release|Any CPU
	EndGlobalSection
	GlobalSection(SolutionProperties) = preSolution
		HideSolutionNode = FALSE
	EndGlobalSection
	GlobalSection(ExtensibilityGlobals) = postSolution
		SolutionGuid = {D609FFBD-6B56-493B-BD6C-D1DCA363BAAB}
	EndGlobalSection
EndGlobal
